lockfileVersion: '6.0'

settings:
  autoInstallPeers: true
  excludeLinksFromLockfile: false

dependencies:
  zendesk-types:
    specifier: ^1.0.0
    version: 1.0.0

devDependencies:
  minimist:
    specifier: ^1.2.6
    version: 1.2.8

packages:

  /minimist@1.2.8:
    resolution: {integrity: sha512-2yyAR8qBkN3YuheJanUpWC5U3bb5osDywNB8RzDVlDwDHbocAJveqqj1u8+SVD7jkWT4yvsHCpWqqWqAxb0zCA==}
    dev: true

  /zendesk-types@1.0.0:
    resolution: {integrity: sha512-/ipxpZxkhyoDiOMq8fLGjfoYyUVFkepsfxbrHOml6SZHXeTClJhZqsQ5z0+HZSewTgqvphWi8IJvZfXilcmBdw==}
    dev: false
